
Microsoft Visual Studio Solution File, Format Version 12.00
# Visual Studio Version 17
VisualStudioVersion = 17.13.35931.197
MinimumVisualStudioVersion = 10.0.40219.1
Project("{FAE04EC0-301F-11D3-BF4B-00C04F79EFBC}") = "Example-if-01", "Example-Conditional-01\Example-if-01.csproj", "{3659B159-5EB6-4E22-B316-1C3A959F1860}"
EndProject
Global
	GlobalSection(SolutionConfigurationPlatforms) = preSolution
		Debug|Any CPU = Debug|Any CPU
		Release|Any CPU = Release|Any CPU
	EndGlobalSection
	GlobalSection(ProjectConfigurationPlatforms) = postSolution
		{3659B159-5EB6-4E22-B316-1C3A959F1860}.Debug|Any CPU.ActiveCfg = Debug|Any CPU
		{3659B159-5EB6-4E22-B316-1C3A959F1860}.Debug|Any CPU.Build.0 = Debug|Any CPU
		{3659B159-5EB6-4E22-B316-1C3A959F1860}.Release|Any CPU.ActiveCfg = Release|Any CPU
		{3659B159-5EB6-4E22-B316-1C3A959F1860}.Release|Any CPU.Build.0 = Release|Any CPU
	EndGlobalSection
	GlobalSection(SolutionProperties) = preSolution
		HideSolutionNode = FALSE
	EndGlobalSection
	GlobalSection(ExtensibilityGlobals) = postSolution
		SolutionGuid = {D9C723F3-B262-49BA-AF21-5169CC2A2FA0}
	EndGlobalSection
EndGlobal
