
Microsoft Visual Studio Solution File, Format Version 12.00
# Visual Studio Version 17
VisualStudioVersion = 17.13.35931.197 d17.13
MinimumVisualStudioVersion = 10.0.40219.1
Project("{FAE04EC0-301F-11D3-BF4B-00C04F79EFBC}") = "Example-if-05", "Example-if-05\Example-if-05.csproj", "{22EC68CF-F596-43B8-A484-692599BCE438}"
EndProject
Global
	GlobalSection(SolutionConfigurationPlatforms) = preSolution
		Debug|Any CPU = Debug|Any CPU
		Release|Any CPU = Release|Any CPU
	EndGlobalSection
	GlobalSection(ProjectConfigurationPlatforms) = postSolution
		{22EC68CF-F596-43B8-A484-692599BCE438}.Debug|Any CPU.ActiveCfg = Debug|Any CPU
		{22EC68CF-F596-43B8-A484-692599BCE438}.Debug|Any CPU.Build.0 = Debug|Any CPU
		{22EC68CF-F596-43B8-A484-692599BCE438}.Release|Any CPU.ActiveCfg = Release|Any CPU
		{22EC68CF-F596-43B8-A484-692599BCE438}.Release|Any CPU.Build.0 = Release|Any CPU
	EndGlobalSection
	GlobalSection(SolutionProperties) = preSolution
		HideSolutionNode = FALSE
	EndGlobalSection
	GlobalSection(ExtensibilityGlobals) = postSolution
		SolutionGuid = {6C8992AB-8A25-45BE-821F-D78551673ECD}
	EndGlobalSection
EndGlobal
