
Microsoft Visual Studio Solution File, Format Version 12.00
# Visual Studio Version 17
VisualStudioVersion = 17.13.35931.197 d17.13
MinimumVisualStudioVersion = 10.0.40219.1
Project("{FAE04EC0-301F-11D3-BF4B-00C04F79EFBC}") = "example-if-18", "example-if-18\example-if-18.csproj", "{7D8D399F-E71C-437A-95F4-6045B9D94AFB}"
EndProject
Global
	GlobalSection(SolutionConfigurationPlatforms) = preSolution
		Debug|Any CPU = Debug|Any CPU
		Release|Any CPU = Release|Any CPU
	EndGlobalSection
	GlobalSection(ProjectConfigurationPlatforms) = postSolution
		{7D8D399F-E71C-437A-95F4-6045B9D94AFB}.Debug|Any CPU.ActiveCfg = Debug|Any CPU
		{7D8D399F-E71C-437A-95F4-6045B9D94AFB}.Debug|Any CPU.Build.0 = Debug|Any CPU
		{7D8D399F-E71C-437A-95F4-6045B9D94AFB}.Release|Any CPU.ActiveCfg = Release|Any CPU
		{7D8D399F-E71C-437A-95F4-6045B9D94AFB}.Release|Any CPU.Build.0 = Release|Any CPU
	EndGlobalSection
	GlobalSection(SolutionProperties) = preSolution
		HideSolutionNode = FALSE
	EndGlobalSection
	GlobalSection(ExtensibilityGlobals) = postSolution
		SolutionGuid = {FBF2FB35-3D50-4028-88EA-9D4CD6A66B04}
	EndGlobalSection
EndGlobal
