
Microsoft Visual Studio Solution File, Format Version 12.00
# Visual Studio Version 17
VisualStudioVersion = 17.13.35931.197 d17.13
MinimumVisualStudioVersion = 10.0.40219.1
Project("{FAE04EC0-301F-11D3-BF4B-00C04F79EFBC}") = "Example-if-14", "Example-if-14\Example-if-14.csproj", "{13AF1503-8B56-40EC-A200-8C916C5838DD}"
EndProject
Global
	GlobalSection(SolutionConfigurationPlatforms) = preSolution
		Debug|Any CPU = Debug|Any CPU
		Release|Any CPU = Release|Any CPU
	EndGlobalSection
	GlobalSection(ProjectConfigurationPlatforms) = postSolution
		{13AF1503-8B56-40EC-A200-8C916C5838DD}.Debug|Any CPU.ActiveCfg = Debug|Any CPU
		{13AF1503-8B56-40EC-A200-8C916C5838DD}.Debug|Any CPU.Build.0 = Debug|Any CPU
		{13AF1503-8B56-40EC-A200-8C916C5838DD}.Release|Any CPU.ActiveCfg = Release|Any CPU
		{13AF1503-8B56-40EC-A200-8C916C5838DD}.Release|Any CPU.Build.0 = Release|Any CPU
	EndGlobalSection
	GlobalSection(SolutionProperties) = preSolution
		HideSolutionNode = FALSE
	EndGlobalSection
	GlobalSection(ExtensibilityGlobals) = postSolution
		SolutionGuid = {976D0BDB-70E6-4022-83B2-0A6C292BBFF8}
	EndGlobalSection
EndGlobal
