
Microsoft Visual Studio Solution File, Format Version 12.00
# Visual Studio Version 17
VisualStudioVersion = 17.13.35931.197 d17.13
MinimumVisualStudioVersion = 10.0.40219.1
Project("{FAE04EC0-301F-11D3-BF4B-00C04F79EFBC}") = "Example-Loop-01", "Example-Loop-01\Example-Loop-01.csproj", "{5682B3E0-0E39-4171-8890-B2F51615B2BF}"
EndProject
Global
	GlobalSection(SolutionConfigurationPlatforms) = preSolution
		Debug|Any CPU = Debug|Any CPU
		Release|Any CPU = Release|Any CPU
	EndGlobalSection
	GlobalSection(ProjectConfigurationPlatforms) = postSolution
		{5682B3E0-0E39-4171-8890-B2F51615B2BF}.Debug|Any CPU.ActiveCfg = Debug|Any CPU
		{5682B3E0-0E39-4171-8890-B2F51615B2BF}.Debug|Any CPU.Build.0 = Debug|Any CPU
		{5682B3E0-0E39-4171-8890-B2F51615B2BF}.Release|Any CPU.ActiveCfg = Release|Any CPU
		{5682B3E0-0E39-4171-8890-B2F51615B2BF}.Release|Any CPU.Build.0 = Release|Any CPU
	EndGlobalSection
	GlobalSection(SolutionProperties) = preSolution
		HideSolutionNode = FALSE
	EndGlobalSection
	GlobalSection(ExtensibilityGlobals) = postSolution
		SolutionGuid = {4A8635D5-D378-4DB5-A3F7-6DF7C9A60473}
	EndGlobalSection
EndGlobal
