
Microsoft Visual Studio Solution File, Format Version 12.00
# Visual Studio Version 17
VisualStudioVersion = 17.13.35931.197 d17.13
MinimumVisualStudioVersion = 10.0.40219.1
Project("{FAE04EC0-301F-11D3-BF4B-00C04F79EFBC}") = "Example-if-20", "Example-if-20\Example-if-20.csproj", "{CEDF708D-3F31-4893-85D9-B5C9C6926489}"
EndProject
Global
	GlobalSection(SolutionConfigurationPlatforms) = preSolution
		Debug|Any CPU = Debug|Any CPU
		Release|Any CPU = Release|Any CPU
	EndGlobalSection
	GlobalSection(ProjectConfigurationPlatforms) = postSolution
		{CEDF708D-3F31-4893-85D9-B5C9C6926489}.Debug|Any CPU.ActiveCfg = Debug|Any CPU
		{CEDF708D-3F31-4893-85D9-B5C9C6926489}.Debug|Any CPU.Build.0 = Debug|Any CPU
		{CEDF708D-3F31-4893-85D9-B5C9C6926489}.Release|Any CPU.ActiveCfg = Release|Any CPU
		{CEDF708D-3F31-4893-85D9-B5C9C6926489}.Release|Any CPU.Build.0 = Release|Any CPU
	EndGlobalSection
	GlobalSection(SolutionProperties) = preSolution
		HideSolutionNode = FALSE
	EndGlobalSection
	GlobalSection(ExtensibilityGlobals) = postSolution
		SolutionGuid = {0AE54A97-68FA-4232-A3A8-994F82764F56}
	EndGlobalSection
EndGlobal
